
Microsoft Visual Studio Solution File, Format Version 12.00
# Visual Studio Version 17
VisualStudioVersion = 17.4.33213.308
MinimumVisualStudioVersion = 10.0.40219.1
Project("{FAE04EC0-301F-11D3-BF4B-00C04F79EFBC}") = "Ventana2", "Ventana2\Ventana2.csproj", "{382EDAC5-7A2A-4461-8E9F-2D4B37C80671}"
EndProject
Global
	GlobalSection(SolutionConfigurationPlatforms) = preSolution
		Debug|Any CPU = Debug|Any CPU
		Release|Any CPU = Release|Any CPU
	EndGlobalSection
	GlobalSection(ProjectConfigurationPlatforms) = postSolution
		{382EDAC5-7A2A-4461-8E9F-2D4B37C80671}.Debug|Any CPU.ActiveCfg = Debug|Any CPU
		{382EDAC5-7A2A-4461-8E9F-2D4B37C80671}.Debug|Any CPU.Build.0 = Debug|Any CPU
		{382EDAC5-7A2A-4461-8E9F-2D4B37C80671}.Release|Any CPU.ActiveCfg = Release|Any CPU
		{382EDAC5-7A2A-4461-8E9F-2D4B37C80671}.Release|Any CPU.Build.0 = Release|Any CPU
	EndGlobalSection
	GlobalSection(SolutionProperties) = preSolution
		HideSolutionNode = FALSE
	EndGlobalSection
	GlobalSection(ExtensibilityGlobals) = postSolution
		SolutionGuid = {6A119B6C-82EA-40C7-8F78-AC8D0E764B98}
	EndGlobalSection
EndGlobal
